
Microsoft Visual Studio Solution File, Format Version 12.00
# Visual Studio Version 17
VisualStudioVersion = 17.1.32421.90
MinimumVisualStudioVersion = 10.0.40219.1
Project("{FAE04EC0-301F-11D3-BF4B-00C04F79EFBC}") = "MathLibrary", "MathLibrary\MathLibrary.csproj", "{DC082174-76B2-47C7-AD9C-7F96289A6258}"
EndProject
Project("{FAE04EC0-301F-11D3-BF4B-00C04F79EFBC}") = "TestMathLib", "TestMathLib\TestMathLib.csproj", "{673EDC4E-D1FE-4705-8629-A0AAA6479162}"
EndProject
Project("{FAE04EC0-301F-11D3-BF4B-00C04F79EFBC}") = "StringLibrary", "StringLibrary\StringLibrary.csproj", "{8B9F94AE-6C98-44AE-A59E-4CAAF120EB0D}"
EndProject
Global
	GlobalSection(SolutionConfigurationPlatforms) = preSolution
		Debug|Any CPU = Debug|Any CPU
		Release|Any CPU = Release|Any CPU
	EndGlobalSection
	GlobalSection(ProjectConfigurationPlatforms) = postSolution
		{DC082174-76B2-47C7-AD9C-7F96289A6258}.Debug|Any CPU.ActiveCfg = Debug|Any CPU
		{DC082174-76B2-47C7-AD9C-7F96289A6258}.Debug|Any CPU.Build.0 = Debug|Any CPU
		{DC082174-76B2-47C7-AD9C-7F96289A6258}.Release|Any CPU.ActiveCfg = Release|Any CPU
		{DC082174-76B2-47C7-AD9C-7F96289A6258}.Release|Any CPU.Build.0 = Release|Any CPU
		{673EDC4E-D1FE-4705-8629-A0AAA6479162}.Debug|Any CPU.ActiveCfg = Debug|Any CPU
		{673EDC4E-D1FE-4705-8629-A0AAA6479162}.Debug|Any CPU.Build.0 = Debug|Any CPU
		{673EDC4E-D1FE-4705-8629-A0AAA6479162}.Release|Any CPU.ActiveCfg = Release|Any CPU
		{673EDC4E-D1FE-4705-8629-A0AAA6479162}.Release|Any CPU.Build.0 = Release|Any CPU
		{8B9F94AE-6C98-44AE-A59E-4CAAF120EB0D}.Debug|Any CPU.ActiveCfg = Debug|Any CPU
		{8B9F94AE-6C98-44AE-A59E-4CAAF120EB0D}.Debug|Any CPU.Build.0 = Debug|Any CPU
		{8B9F94AE-6C98-44AE-A59E-4CAAF120EB0D}.Release|Any CPU.ActiveCfg = Release|Any CPU
		{8B9F94AE-6C98-44AE-A59E-4CAAF120EB0D}.Release|Any CPU.Build.0 = Release|Any CPU
	EndGlobalSection
	GlobalSection(SolutionProperties) = preSolution
		HideSolutionNode = FALSE
	EndGlobalSection
	GlobalSection(ExtensibilityGlobals) = postSolution
		SolutionGuid = {267AE96B-C3D4-4518-9F06-9C12D84C2F5C}
	EndGlobalSection
EndGlobal
